// !$*UTF8*$!
{
	archiveVersion = 1;
	classes = {
	};
	objectVersion = 55;
	objects = {

/* Begin PBXBuildFile section */
		1EB6BBC22C0E5724004B5B8A /* Snap.swift in Sources */ = {isa = PBXBuildFile; fileRef = 1EB6BBC12C0E5724004B5B8A /* Snap.swift */; };
		1EB6BBC42C0E5C9F004B5B8A /* VerSnapViewController.swift in Sources */ = {isa = PBXBuildFile; fileRef = 1EB6BBC32C0E5C9F004B5B8A /* VerSnapViewController.swift */; };
		5E637F982C0B81F700F789D1 /* Usuario.swift in Sources */ = {isa = PBXBuildFile; fileRef = 5E637F972C0B81F700F789D1 /* Usuario.swift */; };
		5EA9FBAD2BFBCE6500D5C4CE /* AppDelegate.swift in Sources */ = {isa = PBXBuildFile; fileRef = 5EA9FBAC2BFBCE6500D5C4CE /* AppDelegate.swift */; };
		5EA9FBAF2BFBCE6500D5C4CE /* SceneDelegate.swift in Sources */ = {isa = PBXBuildFile; fileRef = 5EA9FBAE2BFBCE6500D5C4CE /* SceneDelegate.swift */; };
		5EA9FBB12BFBCE6500D5C4CE /* iniciarSesionViewController.swift in Sources */ = {isa = PBXBuildFile; fileRef = 5EA9FBB02BFBCE6500D5C4CE /* iniciarSesionViewController.swift */; };
		5EA9FBB42BFBCE6500D5C4CE /* Main.storyboard in Resources */ = {isa = PBXBuildFile; fileRef = 5EA9FBB22BFBCE6500D5C4CE /* Main.storyboard */; };
		5EA9FBB62BFBCE6B00D5C4CE /* Assets.xcassets in Resources */ = {isa = PBXBuildFile; fileRef = 5EA9FBB52BFBCE6B00D5C4CE /* Assets.xcassets */; };
		5EA9FBB92BFBCE6B00D5C4CE /* LaunchScreen.storyboard in Resources */ = {isa = PBXBuildFile; fileRef = 5EA9FBB72BFBCE6B00D5C4CE /* LaunchScreen.storyboard */; };
		5EA9FBC12BFBD22B00D5C4CE /* GoogleService-Info.plist in Resources */ = {isa = PBXBuildFile; fileRef = 5EA9FBC02BFBD22B00D5C4CE /* GoogleService-Info.plist */; };
		5EA9FBC42BFBE12F00D5C4CE /* FirebaseAnalytics in Frameworks */ = {isa = PBXBuildFile; productRef = 5EA9FBC32BFBE12F00D5C4CE /* FirebaseAnalytics */; };
		5EA9FBC62BFBE12F00D5C4CE /* FirebaseAnalyticsSwift-Beta in Frameworks */ = {isa = PBXBuildFile; productRef = 5EA9FBC52BFBE12F00D5C4CE /* FirebaseAnalyticsSwift-Beta */; };
		5EA9FBC82BFBE12F00D5C4CE /* FirebaseAnalyticsWithoutAdIdSupport in Frameworks */ = {isa = PBXBuildFile; productRef = 5EA9FBC72BFBE12F00D5C4CE /* FirebaseAnalyticsWithoutAdIdSupport */; };
		5EA9FBCA2BFBE12F00D5C4CE /* FirebaseAppCheck in Frameworks */ = {isa = PBXBuildFile; productRef = 5EA9FBC92BFBE12F00D5C4CE /* FirebaseAppCheck */; };
		5EA9FBCC2BFBE12F00D5C4CE /* FirebaseAppDistribution-Beta in Frameworks */ = {isa = PBXBuildFile; productRef = 5EA9FBCB2BFBE12F00D5C4CE /* FirebaseAppDistribution-Beta */; };
		5EA9FBCE2BFBE12F00D5C4CE /* FirebaseAuth in Frameworks */ = {isa = PBXBuildFile; productRef = 5EA9FBCD2BFBE12F00D5C4CE /* FirebaseAuth */; };
		5EA9FBD02BFBE12F00D5C4CE /* FirebaseAuthCombine-Community in Frameworks */ = {isa = PBXBuildFile; productRef = 5EA9FBCF2BFBE12F00D5C4CE /* FirebaseAuthCombine-Community */; };
		5EA9FBD22BFBE12F00D5C4CE /* FirebaseCrashlytics in Frameworks */ = {isa = PBXBuildFile; productRef = 5EA9FBD12BFBE12F00D5C4CE /* FirebaseCrashlytics */; };
		5EA9FBD42BFBE12F00D5C4CE /* FirebaseDatabase in Frameworks */ = {isa = PBXBuildFile; productRef = 5EA9FBD32BFBE12F00D5C4CE /* FirebaseDatabase */; };
		5EA9FBD62BFBE12F00D5C4CE /* FirebaseDatabaseSwift-Beta in Frameworks */ = {isa = PBXBuildFile; productRef = 5EA9FBD52BFBE12F00D5C4CE /* FirebaseDatabaseSwift-Beta */; };
		5EA9FBD82BFBE12F00D5C4CE /* FirebaseDynamicLinks in Frameworks */ = {isa = PBXBuildFile; productRef = 5EA9FBD72BFBE12F00D5C4CE /* FirebaseDynamicLinks */; };
		5EA9FBDA2BFBE12F00D5C4CE /* FirebaseFirestore in Frameworks */ = {isa = PBXBuildFile; productRef = 5EA9FBD92BFBE12F00D5C4CE /* FirebaseFirestore */; };
		5EA9FBDC2BFBE12F00D5C4CE /* FirebaseFirestoreCombine-Community in Frameworks */ = {isa = PBXBuildFile; productRef = 5EA9FBDB2BFBE12F00D5C4CE /* FirebaseFirestoreCombine-Community */; };
		5EA9FBDE2BFBE12F00D5C4CE /* FirebaseFirestoreSwift-Beta in Frameworks */ = {isa = PBXBuildFile; productRef = 5EA9FBDD2BFBE12F00D5C4CE /* FirebaseFirestoreSwift-Beta */; };
		5EA9FBE02BFBE12F00D5C4CE /* FirebaseFunctions in Frameworks */ = {isa = PBXBuildFile; productRef = 5EA9FBDF2BFBE12F00D5C4CE /* FirebaseFunctions */; };
		5EA9FBE22BFBE12F00D5C4CE /* FirebaseFunctionsCombine-Community in Frameworks */ = {isa = PBXBuildFile; productRef = 5EA9FBE12BFBE12F00D5C4CE /* FirebaseFunctionsCombine-Community */; };
		5EA9FBE42BFBE12F00D5C4CE /* FirebaseFunctionsSwift-Beta in Frameworks */ = {isa = PBXBuildFile; productRef = 5EA9FBE32BFBE12F00D5C4CE /* FirebaseFunctionsSwift-Beta */; };
		5EA9FBE62BFBE12F00D5C4CE /* FirebaseInAppMessaging-Beta in Frameworks */ = {isa = PBXBuildFile; productRef = 5EA9FBE52BFBE12F00D5C4CE /* FirebaseInAppMessaging-Beta */; };
		5EA9FBE82BFBE12F00D5C4CE /* FirebaseInAppMessagingSwift-Beta in Frameworks */ = {isa = PBXBuildFile; productRef = 5EA9FBE72BFBE12F00D5C4CE /* FirebaseInAppMessagingSwift-Beta */; };
		5EA9FBEA2BFBE12F00D5C4CE /* FirebaseInstallations in Frameworks */ = {isa = PBXBuildFile; productRef = 5EA9FBE92BFBE12F00D5C4CE /* FirebaseInstallations */; };
		5EA9FBEC2BFBE12F00D5C4CE /* FirebaseMLModelDownloader in Frameworks */ = {isa = PBXBuildFile; productRef = 5EA9FBEB2BFBE12F00D5C4CE /* FirebaseMLModelDownloader */; };
		5EA9FBEE2BFBE12F00D5C4CE /* FirebaseMessaging in Frameworks */ = {isa = PBXBuildFile; productRef = 5EA9FBED2BFBE12F00D5C4CE /* FirebaseMessaging */; };
		5EA9FBF02BFBE12F00D5C4CE /* FirebasePerformance in Frameworks */ = {isa = PBXBuildFile; productRef = 5EA9FBEF2BFBE12F00D5C4CE /* FirebasePerformance */; };
		5EA9FBF22BFBE12F00D5C4CE /* FirebaseRemoteConfig in Frameworks */ = {isa = PBXBuildFile; productRef = 5EA9FBF12BFBE12F00D5C4CE /* FirebaseRemoteConfig */; };
		5EA9FBF42BFBE12F00D5C4CE /* FirebaseRemoteConfigSwift-Beta in Frameworks */ = {isa = PBXBuildFile; productRef = 5EA9FBF32BFBE12F00D5C4CE /* FirebaseRemoteConfigSwift-Beta */; };
		5EA9FBF62BFBE12F00D5C4CE /* FirebaseStorage in Frameworks */ = {isa = PBXBuildFile; productRef = 5EA9FBF52BFBE12F00D5C4CE /* FirebaseStorage */; };
		5EA9FBF82BFBE12F00D5C4CE /* FirebaseStorageCombine-Community in Frameworks */ = {isa = PBXBuildFile; productRef = 5EA9FBF72BFBE12F00D5C4CE /* FirebaseStorageCombine-Community */; };
		5EA9FBFA2BFBE12F00D5C4CE /* FirebaseStorageSwift-Beta in Frameworks */ = {isa = PBXBuildFile; productRef = 5EA9FBF92BFBE12F00D5C4CE /* FirebaseStorageSwift-Beta */; };
		5EC3C47E2C05140F00456BB3 /* SnapsViewController.swift in Sources */ = {isa = PBXBuildFile; fileRef = 5EC3C47D2C05140F00456BB3 /* SnapsViewController.swift */; };
		5EC3C4802C051CB400456BB3 /* ImagenViewController.swift in Sources */ = {isa = PBXBuildFile; fileRef = 5EC3C47F2C051CB400456BB3 /* ImagenViewController.swift */; };
		5EDA3E822C0ADF4F006E61F1 /* ElegirUsuarioViewController.swift in Sources */ = {isa = PBXBuildFile; fileRef = 5EDA3E812C0ADF4F006E61F1 /* ElegirUsuarioViewController.swift */; };
/* End PBXBuildFile section */

/* Begin PBXFileReference section */
		1EB6BBC12C0E5724004B5B8A /* Snap.swift */ = {isa = PBXFileReference; lastKnownFileType = sourcecode.swift; path = Snap.swift; sourceTree = "<group>"; };
		1EB6BBC32C0E5C9F004B5B8A /* VerSnapViewController.swift */ = {isa = PBXFileReference; lastKnownFileType = sourcecode.swift; path = VerSnapViewController.swift; sourceTree = "<group>"; };
		5E637F972C0B81F700F789D1 /* Usuario.swift */ = {isa = PBXFileReference; lastKnownFileType = sourcecode.swift; path = Usuario.swift; sourceTree = "<group>"; };
		5EA9FBA92BFBCE6500D5C4CE /* OlivaresSnapchat.app */ = {isa = PBXFileReference; explicitFileType = wrapper.application; includeInIndex = 0; path = OlivaresSnapchat.app; sourceTree = BUILT_PRODUCTS_DIR; };
		5EA9FBAC2BFBCE6500D5C4CE /* AppDelegate.swift */ = {isa = PBXFileReference; lastKnownFileType = sourcecode.swift; path = AppDelegate.swift; sourceTree = "<group>"; };
		5EA9FBAE2BFBCE6500D5C4CE /* SceneDelegate.swift */ = {isa = PBXFileReference; lastKnownFileType = sourcecode.swift; path = SceneDelegate.swift; sourceTree = "<group>"; };
		5EA9FBB02BFBCE6500D5C4CE /* iniciarSesionViewController.swift */ = {isa = PBXFileReference; lastKnownFileType = sourcecode.swift; path = iniciarSesionViewController.swift; sourceTree = "<group>"; };
		5EA9FBB32BFBCE6500D5C4CE /* Base */ = {isa = PBXFileReference; lastKnownFileType = file.storyboard; name = Base; path = Base.lproj/Main.storyboard; sourceTree = "<group>"; };
		5EA9FBB52BFBCE6B00D5C4CE /* Assets.xcassets */ = {isa = PBXFileReference; lastKnownFileType = folder.assetcatalog; path = Assets.xcassets; sourceTree = "<group>"; };
		5EA9FBB82BFBCE6B00D5C4CE /* Base */ = {isa = PBXFileReference; lastKnownFileType = file.storyboard; name = Base; path = Base.lproj/LaunchScreen.storyboard; sourceTree = "<group>"; };
		5EA9FBBA2BFBCE6B00D5C4CE /* Info.plist */ = {isa = PBXFileReference; lastKnownFileType = text.plist.xml; path = Info.plist; sourceTree = "<group>"; };
		5EA9FBC02BFBD22B00D5C4CE /* GoogleService-Info.plist */ = {isa = PBXFileReference; fileEncoding = 4; lastKnownFileType = text.plist.xml; path = "GoogleService-Info.plist"; sourceTree = "<group>"; };
		5EC3C47D2C05140F00456BB3 /* SnapsViewController.swift */ = {isa = PBXFileReference; lastKnownFileType = sourcecode.swift; path = SnapsViewController.swift; sourceTree = "<group>"; };
		5EC3C47F2C051CB400456BB3 /* ImagenViewController.swift */ = {isa = PBXFileReference; lastKnownFileType = sourcecode.swift; path = ImagenViewController.swift; sourceTree = "<group>"; };
		5EDA3E812C0ADF4F006E61F1 /* ElegirUsuarioViewController.swift */ = {isa = PBXFileReference; lastKnownFileType = sourcecode.swift; path = ElegirUsuarioViewController.swift; sourceTree = "<group>"; };
/* End PBXFileReference section */

/* Begin PBXFrameworksBuildPhase section */
		5EA9FBA62BFBCE6500D5C4CE /* Frameworks */ = {
			isa = PBXFrameworksBuildPhase;
			buildActionMask = 2147483647;
			files = (
				5EA9FBDC2BFBE12F00D5C4CE /* FirebaseFirestoreCombine-Community in Frameworks */,
				5EA9FBD62BFBE12F00D5C4CE /* FirebaseDatabaseSwift-Beta in Frameworks */,
				5EA9FBD82BFBE12F00D5C4CE /* FirebaseDynamicLinks in Frameworks */,
				5EA9FBCA2BFBE12F00D5C4CE /* FirebaseAppCheck in Frameworks */,
				5EA9FBCE2BFBE12F00D5C4CE /* FirebaseAuth in Frameworks */,
				5EA9FBFA2BFBE12F00D5C4CE /* FirebaseStorageSwift-Beta in Frameworks */,
				5EA9FBC62BFBE12F00D5C4CE /* FirebaseAnalyticsSwift-Beta in Frameworks */,
				5EA9FBF42BFBE12F00D5C4CE /* FirebaseRemoteConfigSwift-Beta in Frameworks */,
				5EA9FBEC2BFBE12F00D5C4CE /* FirebaseMLModelDownloader in Frameworks */,
				5EA9FBDA2BFBE12F00D5C4CE /* FirebaseFirestore in Frameworks */,
				5EA9FBE22BFBE12F00D5C4CE /* FirebaseFunctionsCombine-Community in Frameworks */,
				5EA9FBCC2BFBE12F00D5C4CE /* FirebaseAppDistribution-Beta in Frameworks */,
				5EA9FBC82BFBE12F00D5C4CE /* FirebaseAnalyticsWithoutAdIdSupport in Frameworks */,
				5EA9FBDE2BFBE12F00D5C4CE /* FirebaseFirestoreSwift-Beta in Frameworks */,
				5EA9FBE62BFBE12F00D5C4CE /* FirebaseInAppMessaging-Beta in Frameworks */,
				5EA9FBD22BFBE12F00D5C4CE /* FirebaseCrashlytics in Frameworks */,
				5EA9FBD42BFBE12F00D5C4CE /* FirebaseDatabase in Frameworks */,
				5EA9FBF82BFBE12F00D5C4CE /* FirebaseStorageCombine-Community in Frameworks */,
				5EA9FBF22BFBE12F00D5C4CE /* FirebaseRemoteConfig in Frameworks */,
				5EA9FBE42BFBE12F00D5C4CE /* FirebaseFunctionsSwift-Beta in Frameworks */,
				5EA9FBE02BFBE12F00D5C4CE /* FirebaseFunctions in Frameworks */,
				5EA9FBF02BFBE12F00D5C4CE /* FirebasePerformance in Frameworks */,
				5EA9FBE82BFBE12F00D5C4CE /* FirebaseInAppMessagingSwift-Beta in Frameworks */,
				5EA9FBF62BFBE12F00D5C4CE /* FirebaseStorage in Frameworks */,
				5EA9FBD02BFBE12F00D5C4CE /* FirebaseAuthCombine-Community in Frameworks */,
				5EA9FBC42BFBE12F00D5C4CE /* FirebaseAnalytics in Frameworks */,
				5EA9FBEE2BFBE12F00D5C4CE /* FirebaseMessaging in Frameworks */,
				5EA9FBEA2BFBE12F00D5C4CE /* FirebaseInstallations in Frameworks */,
			);
			runOnlyForDeploymentPostprocessing = 0;
		};
/* End PBXFrameworksBuildPhase section */

/* Begin PBXGroup section */
		5E637F952C0B813900F789D1 /* ViewControllers */ = {
			isa = PBXGroup;
			children = (
				5EC3C47D2C05140F00456BB3 /* SnapsViewController.swift */,
				5EC3C47F2C051CB400456BB3 /* ImagenViewController.swift */,
				5EDA3E812C0ADF4F006E61F1 /* ElegirUsuarioViewController.swift */,
				5EA9FBB02BFBCE6500D5C4CE /* iniciarSesionViewController.swift */,
				1EB6BBC32C0E5C9F004B5B8A /* VerSnapViewController.swift */,
			);
			path = ViewControllers;
			sourceTree = "<group>";
		};
		5E637F962C0B81A300F789D1 /* Modelos */ = {
			isa = PBXGroup;
			children = (
				5E637F972C0B81F700F789D1 /* Usuario.swift */,
				1EB6BBC12C0E5724004B5B8A /* Snap.swift */,
			);
			path = Modelos;
			sourceTree = "<group>";
		};
		5EA9FBA02BFBCE6400D5C4CE = {
			isa = PBXGroup;
			children = (
				5EA9FBAB2BFBCE6500D5C4CE /* OlivaresSnapchat */,
				5EA9FBAA2BFBCE6500D5C4CE /* Products */,
			);
			sourceTree = "<group>";
		};
		5EA9FBAA2BFBCE6500D5C4CE /* Products */ = {
			isa = PBXGroup;
			children = (
				5EA9FBA92BFBCE6500D5C4CE /* OlivaresSnapchat.app */,
			);
			name = Products;
			sourceTree = "<group>";
		};
		5EA9FBAB2BFBCE6500D5C4CE /* OlivaresSnapchat */ = {
			isa = PBXGroup;
			children = (
				5E637F962C0B81A300F789D1 /* Modelos */,
				5E637F952C0B813900F789D1 /* ViewControllers */,
				5EA9FBC02BFBD22B00D5C4CE /* GoogleService-Info.plist */,
				5EA9FBAC2BFBCE6500D5C4CE /* AppDelegate.swift */,
				5EA9FBAE2BFBCE6500D5C4CE /* SceneDelegate.swift */,
				5EA9FBB22BFBCE6500D5C4CE /* Main.storyboard */,
				5EA9FBB52BFBCE6B00D5C4CE /* Assets.xcassets */,
				5EA9FBB72BFBCE6B00D5C4CE /* LaunchScreen.storyboard */,
				5EA9FBBA2BFBCE6B00D5C4CE /* Info.plist */,
			);
			path = OlivaresSnapchat;
			sourceTree = "<group>";
		};
/* End PBXGroup section */

/* Begin PBXNativeTarget section */
		5EA9FBA82BFBCE6500D5C4CE /* OlivaresSnapchat */ = {
			isa = PBXNativeTarget;
			buildConfigurationList = 5EA9FBBD2BFBCE6B00D5C4CE /* Build configuration list for PBXNativeTarget "OlivaresSnapchat" */;
			buildPhases = (
				5EA9FBA52BFBCE6500D5C4CE /* Sources */,
				5EA9FBA62BFBCE6500D5C4CE /* Frameworks */,
				5EA9FBA72BFBCE6500D5C4CE /* Resources */,
			);
			buildRules = (
			);
			dependencies = (
			);
			name = OlivaresSnapchat;
			packageProductDependencies = (
				5EA9FBC32BFBE12F00D5C4CE /* FirebaseAnalytics */,
				5EA9FBC52BFBE12F00D5C4CE /* FirebaseAnalyticsSwift-Beta */,
				5EA9FBC72BFBE12F00D5C4CE /* FirebaseAnalyticsWithoutAdIdSupport */,
				5EA9FBC92BFBE12F00D5C4CE /* FirebaseAppCheck */,
				5EA9FBCB2BFBE12F00D5C4CE /* FirebaseAppDistribution-Beta */,
				5EA9FBCD2BFBE12F00D5C4CE /* FirebaseAuth */,
				5EA9FBCF2BFBE12F00D5C4CE /* FirebaseAuthCombine-Community */,
				5EA9FBD12BFBE12F00D5C4CE /* FirebaseCrashlytics */,
				5EA9FBD32BFBE12F00D5C4CE /* FirebaseDatabase */,
				5EA9FBD52BFBE12F00D5C4CE /* FirebaseDatabaseSwift-Beta */,
				5EA9FBD72BFBE12F00D5C4CE /* FirebaseDynamicLinks */,
				5EA9FBD92BFBE12F00D5C4CE /* FirebaseFirestore */,
				5EA9FBDB2BFBE12F00D5C4CE /* FirebaseFirestoreCombine-Community */,
				5EA9FBDD2BFBE12F00D5C4CE /* FirebaseFirestoreSwift-Beta */,
				5EA9FBDF2BFBE12F00D5C4CE /* FirebaseFunctions */,
				5EA9FBE12BFBE12F00D5C4CE /* FirebaseFunctionsCombine-Community */,
				5EA9FBE32BFBE12F00D5C4CE /* FirebaseFunctionsSwift-Beta */,
				5EA9FBE52BFBE12F00D5C4CE /* FirebaseInAppMessaging-Beta */,
				5EA9FBE72BFBE12F00D5C4CE /* FirebaseInAppMessagingSwift-Beta */,
				5EA9FBE92BFBE12F00D5C4CE /* FirebaseInstallations */,
				5EA9FBEB2BFBE12F00D5C4CE /* FirebaseMLModelDownloader */,
				5EA9FBED2BFBE12F00D5C4CE /* FirebaseMessaging */,
				5EA9FBEF2BFBE12F00D5C4CE /* FirebasePerformance */,
				5EA9FBF12BFBE12F00D5C4CE /* FirebaseRemoteConfig */,
				5EA9FBF32BFBE12F00D5C4CE /* FirebaseRemoteConfigSwift-Beta */,
				5EA9FBF52BFBE12F00D5C4CE /* FirebaseStorage */,
				5EA9FBF72BFBE12F00D5C4CE /* FirebaseStorageCombine-Community */,
				5EA9FBF92BFBE12F00D5C4CE /* FirebaseStorageSwift-Beta */,
			);
			productName = OlivaresSnapchat;
			productReference = 5EA9FBA92BFBCE6500D5C4CE /* OlivaresSnapchat.app */;
			productType = "com.apple.product-type.application";
		};
/* End PBXNativeTarget section */

/* Begin PBXProject section */
		5EA9FBA12BFBCE6400D5C4CE /* Project object */ = {
			isa = PBXProject;
			attributes = {
				BuildIndependentTargetsInParallel = 1;
				LastSwiftUpdateCheck = 1300;
				LastUpgradeCheck = 1300;
				TargetAttributes = {
					5EA9FBA82BFBCE6500D5C4CE = {
						CreatedOnToolsVersion = 13.0;
					};
				};
			};
			buildConfigurationList = 5EA9FBA42BFBCE6400D5C4CE /* Build configuration list for PBXProject "OlivaresSnapchat" */;
			compatibilityVersion = "Xcode 13.0";
			developmentRegion = en;
			hasScannedForEncodings = 0;
			knownRegions = (
				en,
				Base,
			);
			mainGroup = 5EA9FBA02BFBCE6400D5C4CE;
			packageReferences = (
				5EA9FBC22BFBE12F00D5C4CE /* XCRemoteSwiftPackageReference "firebase-ios-sdk" */,
			);
			productRefGroup = 5EA9FBAA2BFBCE6500D5C4CE /* Products */;
			projectDirPath = "";
			projectRoot = "";
			targets = (
				5EA9FBA82BFBCE6500D5C4CE /* OlivaresSnapchat */,
			);
		};
/* End PBXProject section */

/* Begin PBXResourcesBuildPhase section */
		5EA9FBA72BFBCE6500D5C4CE /* Resources */ = {
			isa = PBXResourcesBuildPhase;
			buildActionMask = 2147483647;
			files = (
				5EA9FBB92BFBCE6B00D5C4CE /* LaunchScreen.storyboard in Resources */,
				5EA9FBC12BFBD22B00D5C4CE /* GoogleService-Info.plist in Resources */,
				5EA9FBB62BFBCE6B00D5C4CE /* Assets.xcassets in Resources */,
				5EA9FBB42BFBCE6500D5C4CE /* Main.storyboard in Resources */,
			);
			runOnlyForDeploymentPostprocessing = 0;
		};
/* End PBXResourcesBuildPhase section */

/* Begin PBXSourcesBuildPhase section */
		5EA9FBA52BFBCE6500D5C4CE /* Sources */ = {
			isa = PBXSourcesBuildPhase;
			buildActionMask = 2147483647;
			files = (
				5EC3C47E2C05140F00456BB3 /* SnapsViewController.swift in Sources */,
				5EC3C4802C051CB400456BB3 /* ImagenViewController.swift in Sources */,
				5E637F982C0B81F700F789D1 /* Usuario.swift in Sources */,
				5EA9FBB12BFBCE6500D5C4CE /* iniciarSesionViewController.swift in Sources */,
				1EB6BBC42C0E5C9F004B5B8A /* VerSnapViewController.swift in Sources */,
				5EA9FBAD2BFBCE6500D5C4CE /* AppDelegate.swift in Sources */,
				5EA9FBAF2BFBCE6500D5C4CE /* SceneDelegate.swift in Sources */,
				5EDA3E822C0ADF4F006E61F1 /* ElegirUsuarioViewController.swift in Sources */,
				1EB6BBC22C0E5724004B5B8A /* Snap.swift in Sources */,
			);
			runOnlyForDeploymentPostprocessing = 0;
		};
/* End PBXSourcesBuildPhase section */

/* Begin PBXVariantGroup section */
		5EA9FBB22BFBCE6500D5C4CE /* Main.storyboard */ = {
			isa = PBXVariantGroup;
			children = (
				5EA9FBB32BFBCE6500D5C4CE /* Base */,
			);
			name = Main.storyboard;
			sourceTree = "<group>";
		};
		5EA9FBB72BFBCE6B00D5C4CE /* LaunchScreen.storyboard */ = {
			isa = PBXVariantGroup;
			children = (
				5EA9FBB82BFBCE6B00D5C4CE /* Base */,
			);
			name = LaunchScreen.storyboard;
			sourceTree = "<group>";
		};
/* End PBXVariantGroup section */

/* Begin XCBuildConfiguration section */
		5EA9FBBB2BFBCE6B00D5C4CE /* Debug */ = {
			isa = XCBuildConfiguration;
			buildSettings = {
				ALWAYS_SEARCH_USER_PATHS = NO;
				CLANG_ANALYZER_NONNULL = YES;
				CLANG_ANALYZER_NUMBER_OBJECT_CONVERSION = YES_AGGRESSIVE;
				CLANG_CXX_LANGUAGE_STANDARD = "gnu++17";
				CLANG_CXX_LIBRARY = "libc++";
				CLANG_ENABLE_MODULES = YES;
				CLANG_ENABLE_OBJC_ARC = YES;
				CLANG_ENABLE_OBJC_WEAK = YES;
				CLANG_WARN_BLOCK_CAPTURE_AUTORELEASING = YES;
				CLANG_WARN_BOOL_CONVERSION = YES;
				CLANG_WARN_COMMA = YES;
				CLANG_WARN_CONSTANT_CONVERSION = YES;
				CLANG_WARN_DEPRECATED_OBJC_IMPLEMENTATIONS = YES;
				CLANG_WARN_DIRECT_OBJC_ISA_USAGE = YES_ERROR;
				CLANG_WARN_DOCUMENTATION_COMMENTS = YES;
				CLANG_WARN_EMPTY_BODY = YES;
				CLANG_WARN_ENUM_CONVERSION = YES;
				CLANG_WARN_INFINITE_RECURSION = YES;
				CLANG_WARN_INT_CONVERSION = YES;
				CLANG_WARN_NON_LITERAL_NULL_CONVERSION = YES;
				CLANG_WARN_OBJC_IMPLICIT_RETAIN_SELF = YES;
				CLANG_WARN_OBJC_LITERAL_CONVERSION = YES;
				CLANG_WARN_OBJC_ROOT_CLASS = YES_ERROR;
				CLANG_WARN_QUOTED_INCLUDE_IN_FRAMEWORK_HEADER = YES;
				CLANG_WARN_RANGE_LOOP_ANALYSIS = YES;
				CLANG_WARN_STRICT_PROTOTYPES = YES;
				CLANG_WARN_SUSPICIOUS_MOVE = YES;
				CLANG_WARN_UNGUARDED_AVAILABILITY = YES_AGGRESSIVE;
				CLANG_WARN_UNREACHABLE_CODE = YES;
				CLANG_WARN__DUPLICATE_METHOD_MATCH = YES;
				COPY_PHASE_STRIP = NO;
				DEBUG_INFORMATION_FORMAT = dwarf;
				ENABLE_STRICT_OBJC_MSGSEND = YES;
				ENABLE_TESTABILITY = YES;
				GCC_C_LANGUAGE_STANDARD = gnu11;
				GCC_DYNAMIC_NO_PIC = NO;
				GCC_NO_COMMON_BLOCKS = YES;
				GCC_OPTIMIZATION_LEVEL = 0;
				GCC_PREPROCESSOR_DEFINITIONS = (
					"DEBUG=1",
					"$(inherited)",
				);
				GCC_WARN_64_TO_32_BIT_CONVERSION = YES;
				GCC_WARN_ABOUT_RETURN_TYPE = YES_ERROR;
				GCC_WARN_UNDECLARED_SELECTOR = YES;
				GCC_WARN_UNINITIALIZED_AUTOS = YES_AGGRESSIVE;
				GCC_WARN_UNUSED_FUNCTION = YES;
				GCC_WARN_UNUSED_VARIABLE = YES;
				IPHONEOS_DEPLOYMENT_TARGET = 15.0;
				MTL_ENABLE_DEBUG_INFO = INCLUDE_SOURCE;
				MTL_FAST_MATH = YES;
				ONLY_ACTIVE_ARCH = YES;
				SDKROOT = iphoneos;
				SWIFT_ACTIVE_COMPILATION_CONDITIONS = DEBUG;
				SWIFT_OPTIMIZATION_LEVEL = "-Onone";
			};
			name = Debug;
		};
		5EA9FBBC2BFBCE6B00D5C4CE /* Release */ = {
			isa = XCBuildConfiguration;
			buildSettings = {
				ALWAYS_SEARCH_USER_PATHS = NO;
				CLANG_ANALYZER_NONNULL = YES;
				CLANG_ANALYZER_NUMBER_OBJECT_CONVERSION = YES_AGGRESSIVE;
				CLANG_CXX_LANGUAGE_STANDARD = "gnu++17";
				CLANG_CXX_LIBRARY = "libc++";
				CLANG_ENABLE_MODULES = YES;
				CLANG_ENABLE_OBJC_ARC = YES;
				CLANG_ENABLE_OBJC_WEAK = YES;
				CLANG_WARN_BLOCK_CAPTURE_AUTORELEASING = YES;
				CLANG_WARN_BOOL_CONVERSION = YES;
				CLANG_WARN_COMMA = YES;
				CLANG_WARN_CONSTANT_CONVERSION = YES;
				CLANG_WARN_DEPRECATED_OBJC_IMPLEMENTATIONS = YES;
				CLANG_WARN_DIRECT_OBJC_ISA_USAGE = YES_ERROR;
				CLANG_WARN_DOCUMENTATION_COMMENTS = YES;
				CLANG_WARN_EMPTY_BODY = YES;
				CLANG_WARN_ENUM_CONVERSION = YES;
				CLANG_WARN_INFINITE_RECURSION = YES;
				CLANG_WARN_INT_CONVERSION = YES;
				CLANG_WARN_NON_LITERAL_NULL_CONVERSION = YES;
				CLANG_WARN_OBJC_IMPLICIT_RETAIN_SELF = YES;
				CLANG_WARN_OBJC_LITERAL_CONVERSION = YES;
				CLANG_WARN_OBJC_ROOT_CLASS = YES_ERROR;
				CLANG_WARN_QUOTED_INCLUDE_IN_FRAMEWORK_HEADER = YES;
				CLANG_WARN_RANGE_LOOP_ANALYSIS = YES;
				CLANG_WARN_STRICT_PROTOTYPES = YES;
				CLANG_WARN_SUSPICIOUS_MOVE = YES;
				CLANG_WARN_UNGUARDED_AVAILABILITY = YES_AGGRESSIVE;
				CLANG_WARN_UNREACHABLE_CODE = YES;
				CLANG_WARN__DUPLICATE_METHOD_MATCH = YES;
				COPY_PHASE_STRIP = NO;
				DEBUG_INFORMATION_FORMAT = "dwarf-with-dsym";
				ENABLE_NS_ASSERTIONS = NO;
				ENABLE_STRICT_OBJC_MSGSEND = YES;
				GCC_C_LANGUAGE_STANDARD = gnu11;
				GCC_NO_COMMON_BLOCKS = YES;
				GCC_WARN_64_TO_32_BIT_CONVERSION = YES;
				GCC_WARN_ABOUT_RETURN_TYPE = YES_ERROR;
				GCC_WARN_UNDECLARED_SELECTOR = YES;
				GCC_WARN_UNINITIALIZED_AUTOS = YES_AGGRESSIVE;
				GCC_WARN_UNUSED_FUNCTION = YES;
				GCC_WARN_UNUSED_VARIABLE = YES;
				IPHONEOS_DEPLOYMENT_TARGET = 15.0;
				MTL_ENABLE_DEBUG_INFO = NO;
				MTL_FAST_MATH = YES;
				SDKROOT = iphoneos;
				SWIFT_COMPILATION_MODE = wholemodule;
				SWIFT_OPTIMIZATION_LEVEL = "-O";
				VALIDATE_PRODUCT = YES;
			};
			name = Release;
		};
		5EA9FBBE2BFBCE6B00D5C4CE /* Debug */ = {
			isa = XCBuildConfiguration;
			buildSettings = {
				ASSETCATALOG_COMPILER_APPICON_NAME = AppIcon;
				ASSETCATALOG_COMPILER_GLOBAL_ACCENT_COLOR_NAME = AccentColor;
				CODE_SIGN_STYLE = Automatic;
				CURRENT_PROJECT_VERSION = 1;
				GENERATE_INFOPLIST_FILE = YES;
				INFOPLIST_FILE = OlivaresSnapchat/Info.plist;
				INFOPLIST_KEY_UIApplicationSupportsIndirectInputEvents = YES;
				INFOPLIST_KEY_UILaunchStoryboardName = LaunchScreen;
				INFOPLIST_KEY_UIMainStoryboardFile = Main;
				INFOPLIST_KEY_UISupportedInterfaceOrientations_iPad = "UIInterfaceOrientationPortrait UIInterfaceOrientationPortraitUpsideDown UIInterfaceOrientationLandscapeLeft UIInterfaceOrientationLandscapeRight";
				INFOPLIST_KEY_UISupportedInterfaceOrientations_iPhone = "UIInterfaceOrientationPortrait UIInterfaceOrientationLandscapeLeft UIInterfaceOrientationLandscapeRight";
				LD_RUNPATH_SEARCH_PATHS = (
					"$(inherited)",
					"@executable_path/Frameworks",
				);
				MARKETING_VERSION = 1.0;
				PRODUCT_BUNDLE_IDENTIFIER = "deah-.com.OlivaresSnapchat";
				PRODUCT_NAME = "$(TARGET_NAME)";
				SWIFT_EMIT_LOC_STRINGS = YES;
				SWIFT_VERSION = 5.0;
				TARGETED_DEVICE_FAMILY = "1,2";
			};
			name = Debug;
		};
		5EA9FBBF2BFBCE6B00D5C4CE /* Release */ = {
			isa = XCBuildConfiguration;
			buildSettings = {
				ASSETCATALOG_COMPILER_APPICON_NAME = AppIcon;
				ASSETCATALOG_COMPILER_GLOBAL_ACCENT_COLOR_NAME = AccentColor;
				CODE_SIGN_STYLE = Automatic;
				CURRENT_PROJECT_VERSION = 1;
				GENERATE_INFOPLIST_FILE = YES;
				INFOPLIST_FILE = OlivaresSnapchat/Info.plist;
				INFOPLIST_KEY_UIApplicationSupportsIndirectInputEvents = YES;
				INFOPLIST_KEY_UILaunchStoryboardName = LaunchScreen;
				INFOPLIST_KEY_UIMainStoryboardFile = Main;
				INFOPLIST_KEY_UISupportedInterfaceOrientations_iPad = "UIInterfaceOrientationPortrait UIInterfaceOrientationPortraitUpsideDown UIInterfaceOrientationLandscapeLeft UIInterfaceOrientationLandscapeRight";
				INFOPLIST_KEY_UISupportedInterfaceOrientations_iPhone = "UIInterfaceOrientationPortrait UIInterfaceOrientationLandscapeLeft UIInterfaceOrientationLandscapeRight";
				LD_RUNPATH_SEARCH_PATHS = (
					"$(inherited)",
					"@executable_path/Frameworks",
				);
				MARKETING_VERSION = 1.0;
				PRODUCT_BUNDLE_IDENTIFIER = "deah-.com.OlivaresSnapchat";
				PRODUCT_NAME = "$(TARGET_NAME)";
				SWIFT_EMIT_LOC_STRINGS = YES;
				SWIFT_VERSION = 5.0;
				TARGETED_DEVICE_FAMILY = "1,2";
			};
			name = Release;
		};
/* End XCBuildConfiguration section */

/* Begin XCConfigurationList section */
		5EA9FBA42BFBCE6400D5C4CE /* Build configuration list for PBXProject "OlivaresSnapchat" */ = {
			isa = XCConfigurationList;
			buildConfigurations = (
				5EA9FBBB2BFBCE6B00D5C4CE /* Debug */,
				5EA9FBBC2BFBCE6B00D5C4CE /* Release */,
			);
			defaultConfigurationIsVisible = 0;
			defaultConfigurationName = Release;
		};
		5EA9FBBD2BFBCE6B00D5C4CE /* Build configuration list for PBXNativeTarget "OlivaresSnapchat" */ = {
			isa = XCConfigurationList;
			buildConfigurations = (
				5EA9FBBE2BFBCE6B00D5C4CE /* Debug */,
				5EA9FBBF2BFBCE6B00D5C4CE /* Release */,
			);
			defaultConfigurationIsVisible = 0;
			defaultConfigurationName = Release;
		};
/* End XCConfigurationList section */

/* Begin XCRemoteSwiftPackageReference section */
		5EA9FBC22BFBE12F00D5C4CE /* XCRemoteSwiftPackageReference "firebase-ios-sdk" */ = {
			isa = XCRemoteSwiftPackageReference;
			repositoryURL = "https://github.com/firebase/firebase-ios-sdk";
			requirement = {
				kind = upToNextMajorVersion;
				minimumVersion = 8.0.0;
			};
		};
/* End XCRemoteSwiftPackageReference section */

/* Begin XCSwiftPackageProductDependency section */
		5EA9FBC32BFBE12F00D5C4CE /* FirebaseAnalytics */ = {
			isa = XCSwiftPackageProductDependency;
			package = 5EA9FBC22BFBE12F00D5C4CE /* XCRemoteSwiftPackageReference "firebase-ios-sdk" */;
			productName = FirebaseAnalytics;
		};
		5EA9FBC52BFBE12F00D5C4CE /* FirebaseAnalyticsSwift-Beta */ = {
			isa = XCSwiftPackageProductDependency;
			package = 5EA9FBC22BFBE12F00D5C4CE /* XCRemoteSwiftPackageReference "firebase-ios-sdk" */;
			productName = "FirebaseAnalyticsSwift-Beta";
		};
		5EA9FBC72BFBE12F00D5C4CE /* FirebaseAnalyticsWithoutAdIdSupport */ = {
			isa = XCSwiftPackageProductDependency;
			package = 5EA9FBC22BFBE12F00D5C4CE /* XCRemoteSwiftPackageReference "firebase-ios-sdk" */;
			productName = FirebaseAnalyticsWithoutAdIdSupport;
		};
		5EA9FBC92BFBE12F00D5C4CE /* FirebaseAppCheck */ = {
			isa = XCSwiftPackageProductDependency;
			package = 5EA9FBC22BFBE12F00D5C4CE /* XCRemoteSwiftPackageReference "firebase-ios-sdk" */;
			productName = FirebaseAppCheck;
		};
		5EA9FBCB2BFBE12F00D5C4CE /* FirebaseAppDistribution-Beta */ = {
			isa = XCSwiftPackageProductDependency;
			package = 5EA9FBC22BFBE12F00D5C4CE /* XCRemoteSwiftPackageReference "firebase-ios-sdk" */;
			productName = "FirebaseAppDistribution-Beta";
		};
		5EA9FBCD2BFBE12F00D5C4CE /* FirebaseAuth */ = {
			isa = XCSwiftPackageProductDependency;
			package = 5EA9FBC22BFBE12F00D5C4CE /* XCRemoteSwiftPackageReference "firebase-ios-sdk" */;
			productName = FirebaseAuth;
		};
		5EA9FBCF2BFBE12F00D5C4CE /* FirebaseAuthCombine-Community */ = {
			isa = XCSwiftPackageProductDependency;
			package = 5EA9FBC22BFBE12F00D5C4CE /* XCRemoteSwiftPackageReference "firebase-ios-sdk" */;
			productName = "FirebaseAuthCombine-Community";
		};
		5EA9FBD12BFBE12F00D5C4CE /* FirebaseCrashlytics */ = {
			isa = XCSwiftPackageProductDependency;
			package = 5EA9FBC22BFBE12F00D5C4CE /* XCRemoteSwiftPackageReference "firebase-ios-sdk" */;
			productName = FirebaseCrashlytics;
		};
		5EA9FBD32BFBE12F00D5C4CE /* FirebaseDatabase */ = {
			isa = XCSwiftPackageProductDependency;
			package = 5EA9FBC22BFBE12F00D5C4CE /* XCRemoteSwiftPackageReference "firebase-ios-sdk" */;
			productName = FirebaseDatabase;
		};
		5EA9FBD52BFBE12F00D5C4CE /* FirebaseDatabaseSwift-Beta */ = {
			isa = XCSwiftPackageProductDependency;
			package = 5EA9FBC22BFBE12F00D5C4CE /* XCRemoteSwiftPackageReference "firebase-ios-sdk" */;
			productName = "FirebaseDatabaseSwift-Beta";
		};
		5EA9FBD72BFBE12F00D5C4CE /* FirebaseDynamicLinks */ = {
			isa = XCSwiftPackageProductDependency;
			package = 5EA9FBC22BFBE12F00D5C4CE /* XCRemoteSwiftPackageReference "firebase-ios-sdk" */;
			productName = FirebaseDynamicLinks;
		};
		5EA9FBD92BFBE12F00D5C4CE /* FirebaseFirestore */ = {
			isa = XCSwiftPackageProductDependency;
			package = 5EA9FBC22BFBE12F00D5C4CE /* XCRemoteSwiftPackageReference "firebase-ios-sdk" */;
			productName = FirebaseFirestore;
		};
		5EA9FBDB2BFBE12F00D5C4CE /* FirebaseFirestoreCombine-Community */ = {
			isa = XCSwiftPackageProductDependency;
			package = 5EA9FBC22BFBE12F00D5C4CE /* XCRemoteSwiftPackageReference "firebase-ios-sdk" */;
			productName = "FirebaseFirestoreCombine-Community";
		};
		5EA9FBDD2BFBE12F00D5C4CE /* FirebaseFirestoreSwift-Beta */ = {
			isa = XCSwiftPackageProductDependency;
			package = 5EA9FBC22BFBE12F00D5C4CE /* XCRemoteSwiftPackageReference "firebase-ios-sdk" */;
			productName = "FirebaseFirestoreSwift-Beta";
		};
		5EA9FBDF2BFBE12F00D5C4CE /* FirebaseFunctions */ = {
			isa = XCSwiftPackageProductDependency;
			package = 5EA9FBC22BFBE12F00D5C4CE /* XCRemoteSwiftPackageReference "firebase-ios-sdk" */;
			productName = FirebaseFunctions;
		};
		5EA9FBE12BFBE12F00D5C4CE /* FirebaseFunctionsCombine-Community */ = {
			isa = XCSwiftPackageProductDependency;
			package = 5EA9FBC22BFBE12F00D5C4CE /* XCRemoteSwiftPackageReference "firebase-ios-sdk" */;
			productName = "FirebaseFunctionsCombine-Community";
		};
		5EA9FBE32BFBE12F00D5C4CE /* FirebaseFunctionsSwift-Beta */ = {
			isa = XCSwiftPackageProductDependency;
			package = 5EA9FBC22BFBE12F00D5C4CE /* XCRemoteSwiftPackageReference "firebase-ios-sdk" */;
			productName = "FirebaseFunctionsSwift-Beta";
		};
		5EA9FBE52BFBE12F00D5C4CE /* FirebaseInAppMessaging-Beta */ = {
			isa = XCSwiftPackageProductDependency;
			package = 5EA9FBC22BFBE12F00D5C4CE /* XCRemoteSwiftPackageReference "firebase-ios-sdk" */;
			productName = "FirebaseInAppMessaging-Beta";
		};
		5EA9FBE72BFBE12F00D5C4CE /* FirebaseInAppMessagingSwift-Beta */ = {
			isa = XCSwiftPackageProductDependency;
			package = 5EA9FBC22BFBE12F00D5C4CE /* XCRemoteSwiftPackageReference "firebase-ios-sdk" */;
			productName = "FirebaseInAppMessagingSwift-Beta";
		};
		5EA9FBE92BFBE12F00D5C4CE /* FirebaseInstallations */ = {
			isa = XCSwiftPackageProductDependency;
			package = 5EA9FBC22BFBE12F00D5C4CE /* XCRemoteSwiftPackageReference "firebase-ios-sdk" */;
			productName = FirebaseInstallations;
		};
		5EA9FBEB2BFBE12F00D5C4CE /* FirebaseMLModelDownloader */ = {
			isa = XCSwiftPackageProductDependency;
			package = 5EA9FBC22BFBE12F00D5C4CE /* XCRemoteSwiftPackageReference "firebase-ios-sdk" */;
			productName = FirebaseMLModelDownloader;
		};
		5EA9FBED2BFBE12F00D5C4CE /* FirebaseMessaging */ = {
			isa = XCSwiftPackageProductDependency;
			package = 5EA9FBC22BFBE12F00D5C4CE /* XCRemoteSwiftPackageReference "firebase-ios-sdk" */;
			productName = FirebaseMessaging;
		};
		5EA9FBEF2BFBE12F00D5C4CE /* FirebasePerformance */ = {
			isa = XCSwiftPackageProductDependency;
			package = 5EA9FBC22BFBE12F00D5C4CE /* XCRemoteSwiftPackageReference "firebase-ios-sdk" */;
			productName = FirebasePerformance;
		};
		5EA9FBF12BFBE12F00D5C4CE /* FirebaseRemoteConfig */ = {
			isa = XCSwiftPackageProductDependency;
			package = 5EA9FBC22BFBE12F00D5C4CE /* XCRemoteSwiftPackageReference "firebase-ios-sdk" */;
			productName = FirebaseRemoteConfig;
		};
		5EA9FBF32BFBE12F00D5C4CE /* FirebaseRemoteConfigSwift-Beta */ = {
			isa = XCSwiftPackageProductDependency;
			package = 5EA9FBC22BFBE12F00D5C4CE /* XCRemoteSwiftPackageReference "firebase-ios-sdk" */;
			productName = "FirebaseRemoteConfigSwift-Beta";
		};
		5EA9FBF52BFBE12F00D5C4CE /* FirebaseStorage */ = {
			isa = XCSwiftPackageProductDependency;
			package = 5EA9FBC22BFBE12F00D5C4CE /* XCRemoteSwiftPackageReference "firebase-ios-sdk" */;
			productName = FirebaseStorage;
		};
		5EA9FBF72BFBE12F00D5C4CE /* FirebaseStorageCombine-Community */ = {
			isa = XCSwiftPackageProductDependency;
			package = 5EA9FBC22BFBE12F00D5C4CE /* XCRemoteSwiftPackageReference "firebase-ios-sdk" */;
			productName = "FirebaseStorageCombine-Community";
		};
		5EA9FBF92BFBE12F00D5C4CE /* FirebaseStorageSwift-Beta */ = {
			isa = XCSwiftPackageProductDependency;
			package = 5EA9FBC22BFBE12F00D5C4CE /* XCRemoteSwiftPackageReference "firebase-ios-sdk" */;
			productName = "FirebaseStorageSwift-Beta";
		};
/* End XCSwiftPackageProductDependency section */
	};
	rootObject = 5EA9FBA12BFBCE6400D5C4CE /* Project object */;
}
